
Microsoft Visual Studio Solution File, Format Version 12.00
# Visual Studio Version 16
VisualStudioVersion = 16.0.31911.196
MinimumVisualStudioVersion = 10.0.40219.1
Project("{888888A0-9F3D-457C-B088-3A5042F75D52}") = "exploreRiotAPI", "exploreRiotAPI.pyproj", "{56F086DC-2A16-4E69-A813-58AA57DD1043}"
EndProject
Global
	GlobalSection(SolutionConfigurationPlatforms) = preSolution
		Debug|Any CPU = Debug|Any CPU
		Release|Any CPU = Release|Any CPU
	EndGlobalSection
	GlobalSection(ProjectConfigurationPlatforms) = postSolution
		{56F086DC-2A16-4E69-A813-58AA57DD1043}.Debug|Any CPU.ActiveCfg = Debug|Any CPU
		{56F086DC-2A16-4E69-A813-58AA57DD1043}.Release|Any CPU.ActiveCfg = Release|Any CPU
	EndGlobalSection
	GlobalSection(SolutionProperties) = preSolution
		HideSolutionNode = FALSE
	EndGlobalSection
	GlobalSection(ExtensibilityGlobals) = postSolution
		SolutionGuid = {552D1C43-8BF8-471E-8D87-09742A6EA0F8}
	EndGlobalSection
EndGlobal
